github.com/junaidrahim/typo v0.0.0-20240429095927-1067f04a553c h1:6ZauBFr0+jkPjfEE/qw9fmTYKeLdsPS3vwVR3+wYrHo=
github.com/junaidrahim/typo v0.0.0-20240429095927-1067f04a553c/go.mod h1:8Yiauwo7yayR/DKcDCN9uVi7pkV7oUAJRgOtFwm3RNA=
github.com/junaidrahim/typo v0.0.0-20240429123000-eda56666c622 h1:aLEtK1km5c2+DqBbqeOLFIfBpCLPCEJIfFLwyGvCok8=
github.com/junaidrahim/typo v0.0.0-20240429123000-eda56666c622/go.mod h1:8Yiauwo7yayR/DKcDCN9uVi7pkV7oUAJRgOtFwm3RNA=
github.com/junaidrahim/typo v0.0.0-20240429130855-766826dfd8e1 h1:vAPI9+csu15BFDiizbIvwm5lmrFaW0U4zxPhfwwdnnE=
github.com/junaidrahim/typo v0.0.0-20240429130855-766826dfd8e1/go.mod h1:8Yiauwo7yayR/DKcDCN9uVi7pkV7oUAJRgOtFwm3RNA=
github.com/junaidrahim/typo v0.0.0-20240429131032-08be4e907ccb h1:9E+DBp/ekP6VLUniezXtYLo2u2eI/DM6dCIXHQIweuc=
github.com/junaidrahim/typo v0.0.0-20240429131032-08be4e907ccb/go.mod h1:8Yiauwo7yayR/DKcDCN9uVi7pkV7oUAJRgOtFwm3RNA=
