github.com/junaidrahim/typo v0.0.0-20240429095927-1067f04a553c h1:6ZauBFr0+jkPjfEE/qw9fmTYKeLdsPS3vwVR3+wYrHo=
github.com/junaidrahim/typo v0.0.0-20240429095927-1067f04a553c/go.mod h1:8Yiauwo7yayR/DKcDCN9uVi7pkV7oUAJRgOtFwm3RNA=
github.com/junaidrahim/typo v0.0.0-20240429123000-eda56666c622 h1:aLEtK1km5c2+DqBbqeOLFIfBpCLPCEJIfFLwyGvCok8=
github.com/junaidrahim/typo v0.0.0-20240429123000-eda56666c622/go.mod h1:8Yiauwo7yayR/DKcDCN9uVi7pkV7oUAJRgOtFwm3RNA=
